
Microsoft Visual Studio Solution File, Format Version 12.00
# Visual Studio Version 17
VisualStudioVersion = 17.0.31919.166
MinimumVisualStudioVersion = 10.0.40219.1
Project("{FAE04EC0-301F-11D3-BF4B-00C04F79EFBC}") = "Hometask2", "Hometask2\Hometask2.csproj", "{B56396F8-5672-4CAA-83C2-6B352B626296}"
EndProject
Global
	GlobalSection(SolutionConfigurationPlatforms) = preSolution
		Debug|Any CPU = Debug|Any CPU
		Release|Any CPU = Release|Any CPU
	EndGlobalSection
	GlobalSection(ProjectConfigurationPlatforms) = postSolution
		{B56396F8-5672-4CAA-83C2-6B352B626296}.Debug|Any CPU.ActiveCfg = Debug|Any CPU
		{B56396F8-5672-4CAA-83C2-6B352B626296}.Debug|Any CPU.Build.0 = Debug|Any CPU
		{B56396F8-5672-4CAA-83C2-6B352B626296}.Release|Any CPU.ActiveCfg = Release|Any CPU
		{B56396F8-5672-4CAA-83C2-6B352B626296}.Release|Any CPU.Build.0 = Release|Any CPU
	EndGlobalSection
	GlobalSection(SolutionProperties) = preSolution
		HideSolutionNode = FALSE
	EndGlobalSection
	GlobalSection(ExtensibilityGlobals) = postSolution
		SolutionGuid = {C076E082-40EB-4F0A-B337-CB23FE7E9334}
	EndGlobalSection
EndGlobal
